
Microsoft Visual Studio Solution File, Format Version 12.00
# Visual Studio Version 17
VisualStudioVersion = 17.0.31903.59
MinimumVisualStudioVersion = 10.0.40219.1
Project("{2150E333-8FDC-42A3-9474-1A3956D46DE8}") = "Core", "Core", "{E64D8873-3AC0-4E87-B505-0DE473F20B16}"
EndProject
Project("{2150E333-8FDC-42A3-9474-1A3956D46DE8}") = "Node", "Node", "{B2333274-B380-4CBA-9918-F7C04F3379B7}"
EndProject
Project("{2150E333-8FDC-42A3-9474-1A3956D46DE8}") = "Client", "Client", "{7180A105-D072-4063-88A7-61A7502DB46A}"
EndProject
Project("{9A19103F-16F7-4668-BE54-9A1E7A4F7556}") = "HeidiCoin.Core.Models", "HeidiCoin.Core.Models\HeidiCoin.Core.Models.csproj", "{52169958-6036-42B0-A3B0-0700DAB63F22}"
EndProject
Project("{2150E333-8FDC-42A3-9474-1A3956D46DE8}") = "Models", "Models", "{C7DE1BE4-E6DC-4F9A-8287-93BC388164C6}"
EndProject
Project("{2150E333-8FDC-42A3-9474-1A3956D46DE8}") = "Services", "Services", "{A76B0C80-D3B9-4DC3-9888-864FBF1F9C0D}"
EndProject
Project("{FAE04EC0-301F-11D3-BF4B-00C04F79EFBC}") = "HeidiCoin.Core.Services.Hashing", "HeidiCoin.Core.Services.Hashing\HeidiCoin.Core.Services.Hashing.csproj", "{AC0E059A-9AA3-4882-8535-126B9B1586E7}"
EndProject
Project("{FAE04EC0-301F-11D3-BF4B-00C04F79EFBC}") = "HeidiCoin.Core.Services.Hashing.Sha3", "HeidiCoin.Core.Services.Hashing.Sha3\HeidiCoin.Core.Services.Hashing.Sha3.csproj", "{2DCD96B4-DAFB-46FF-B9D9-C0E1FB6C90A0}"
EndProject
Project("{FAE04EC0-301F-11D3-BF4B-00C04F79EFBC}") = "HeidiCoin.Core.Services", "HeidiCoin.Core.Services\HeidiCoin.Core.Services.csproj", "{02C16CDF-14EF-41BC-98EE-DD38648AC73D}"
EndProject
Project("{FAE04EC0-301F-11D3-BF4B-00C04F79EFBC}") = "HeidiCoin.Core.Models.References", "HeidiCoin.Core.Models.References\HeidiCoin.Core.Models.References.csproj", "{2C97C358-3CBE-4896-9ECF-5DCD3602196D}"
EndProject
Project("{FAE04EC0-301F-11D3-BF4B-00C04F79EFBC}") = "HeidiCoin.Core.Services.Hashing.Sha3.Tests", "HeidiCoin.Core.Services.Hashing.Sha3.Tests\HeidiCoin.Core.Services.Hashing.Sha3.Tests.csproj", "{F0D24670-3617-4FA1-9039-294A02FAAFBC}"
EndProject
Project("{2150E333-8FDC-42A3-9474-1A3956D46DE8}") = "Tests", "Tests", "{8C466C96-376D-4288-8F88-E774A14EBB53}"
EndProject
Project("{2150E333-8FDC-42A3-9474-1A3956D46DE8}") = "Services", "Services", "{8C186E47-71D2-4172-B038-1687CD6183BE}"
EndProject
Project("{2150E333-8FDC-42A3-9474-1A3956D46DE8}") = "Dependencies", "Dependencies", "{A6B2D667-DF89-4756-9D5B-3121C5F764C7}"
EndProject
Project("{9A19103F-16F7-4668-BE54-9A1E7A4F7556}") = "HeidiCoin.Core.Dependencies.Configuration", "HeidiCoin.Core.Dependencies.Configuration\HeidiCoin.Core.Dependencies.Configuration.csproj", "{DB57BBA2-65E4-4662-8B8A-02772C2CA3C3}"
EndProject
Project("{9A19103F-16F7-4668-BE54-9A1E7A4F7556}") = "HeidiCoin.Core.Dependencies", "HeidiCoin.Core.Dependencies\HeidiCoin.Core.Dependencies.csproj", "{CFAED600-51D9-45C8-9D16-247DD6635CFD}"
EndProject
Project("{2150E333-8FDC-42A3-9474-1A3956D46DE8}") = "Harness", "Harness", "{4DFA49A8-BFD5-4757-BCD2-64C989BE9A20}"
EndProject
Project("{9A19103F-16F7-4668-BE54-9A1E7A4F7556}") = "HeidiCoin.Tests", "HeidiCoin.Tests\HeidiCoin.Tests.csproj", "{4A65E93A-B64E-4F98-8017-35FE07799213}"
EndProject
Project("{2150E333-8FDC-42A3-9474-1A3956D46DE8}") = "Models", "Models", "{0F2161A1-1F00-4D6A-AF34-0FD3164306E7}"
EndProject
Project("{FAE04EC0-301F-11D3-BF4B-00C04F79EFBC}") = "HeidiCoin.Core.Models.Sources", "HeidiCoin.Core.Models.Sources\HeidiCoin.Core.Models.Sources.csproj", "{90CCEA63-620D-4D97-BA3E-7E58CFA3375E}"
EndProject
Project("{FAE04EC0-301F-11D3-BF4B-00C04F79EFBC}") = "HeidiCoin.Core.Services.Hashing.Sha3.BouncyCastle", "HeidiCoin.Core.Services.Hashing.Sha3.BouncyCastle\HeidiCoin.Core.Services.Hashing.Sha3.BouncyCastle.csproj", "{78927493-508A-40F1-A1DC-9A83E41EFFFF}"
EndProject
Global
	GlobalSection(SolutionConfigurationPlatforms) = preSolution
		Debug|Any CPU = Debug|Any CPU
		Release|Any CPU = Release|Any CPU
	EndGlobalSection
	GlobalSection(ProjectConfigurationPlatforms) = postSolution
		{52169958-6036-42B0-A3B0-0700DAB63F22}.Debug|Any CPU.ActiveCfg = Debug|Any CPU
		{52169958-6036-42B0-A3B0-0700DAB63F22}.Debug|Any CPU.Build.0 = Debug|Any CPU
		{52169958-6036-42B0-A3B0-0700DAB63F22}.Release|Any CPU.ActiveCfg = Release|Any CPU
		{52169958-6036-42B0-A3B0-0700DAB63F22}.Release|Any CPU.Build.0 = Release|Any CPU
		{AC0E059A-9AA3-4882-8535-126B9B1586E7}.Debug|Any CPU.ActiveCfg = Debug|Any CPU
		{AC0E059A-9AA3-4882-8535-126B9B1586E7}.Debug|Any CPU.Build.0 = Debug|Any CPU
		{AC0E059A-9AA3-4882-8535-126B9B1586E7}.Release|Any CPU.ActiveCfg = Release|Any CPU
		{AC0E059A-9AA3-4882-8535-126B9B1586E7}.Release|Any CPU.Build.0 = Release|Any CPU
		{2DCD96B4-DAFB-46FF-B9D9-C0E1FB6C90A0}.Debug|Any CPU.ActiveCfg = Debug|Any CPU
		{2DCD96B4-DAFB-46FF-B9D9-C0E1FB6C90A0}.Debug|Any CPU.Build.0 = Debug|Any CPU
		{2DCD96B4-DAFB-46FF-B9D9-C0E1FB6C90A0}.Release|Any CPU.ActiveCfg = Release|Any CPU
		{2DCD96B4-DAFB-46FF-B9D9-C0E1FB6C90A0}.Release|Any CPU.Build.0 = Release|Any CPU
		{02C16CDF-14EF-41BC-98EE-DD38648AC73D}.Debug|Any CPU.ActiveCfg = Debug|Any CPU
		{02C16CDF-14EF-41BC-98EE-DD38648AC73D}.Debug|Any CPU.Build.0 = Debug|Any CPU
		{02C16CDF-14EF-41BC-98EE-DD38648AC73D}.Release|Any CPU.ActiveCfg = Release|Any CPU
		{02C16CDF-14EF-41BC-98EE-DD38648AC73D}.Release|Any CPU.Build.0 = Release|Any CPU
		{2C97C358-3CBE-4896-9ECF-5DCD3602196D}.Debug|Any CPU.ActiveCfg = Debug|Any CPU
		{2C97C358-3CBE-4896-9ECF-5DCD3602196D}.Debug|Any CPU.Build.0 = Debug|Any CPU
		{2C97C358-3CBE-4896-9ECF-5DCD3602196D}.Release|Any CPU.ActiveCfg = Release|Any CPU
		{2C97C358-3CBE-4896-9ECF-5DCD3602196D}.Release|Any CPU.Build.0 = Release|Any CPU
		{F0D24670-3617-4FA1-9039-294A02FAAFBC}.Debug|Any CPU.ActiveCfg = Debug|Any CPU
		{F0D24670-3617-4FA1-9039-294A02FAAFBC}.Debug|Any CPU.Build.0 = Debug|Any CPU
		{F0D24670-3617-4FA1-9039-294A02FAAFBC}.Release|Any CPU.ActiveCfg = Release|Any CPU
		{F0D24670-3617-4FA1-9039-294A02FAAFBC}.Release|Any CPU.Build.0 = Release|Any CPU
		{DB57BBA2-65E4-4662-8B8A-02772C2CA3C3}.Debug|Any CPU.ActiveCfg = Debug|Any CPU
		{DB57BBA2-65E4-4662-8B8A-02772C2CA3C3}.Debug|Any CPU.Build.0 = Debug|Any CPU
		{DB57BBA2-65E4-4662-8B8A-02772C2CA3C3}.Release|Any CPU.ActiveCfg = Release|Any CPU
		{DB57BBA2-65E4-4662-8B8A-02772C2CA3C3}.Release|Any CPU.Build.0 = Release|Any CPU
		{CFAED600-51D9-45C8-9D16-247DD6635CFD}.Debug|Any CPU.ActiveCfg = Debug|Any CPU
		{CFAED600-51D9-45C8-9D16-247DD6635CFD}.Debug|Any CPU.Build.0 = Debug|Any CPU
		{CFAED600-51D9-45C8-9D16-247DD6635CFD}.Release|Any CPU.ActiveCfg = Release|Any CPU
		{CFAED600-51D9-45C8-9D16-247DD6635CFD}.Release|Any CPU.Build.0 = Release|Any CPU
		{4A65E93A-B64E-4F98-8017-35FE07799213}.Debug|Any CPU.ActiveCfg = Debug|Any CPU
		{4A65E93A-B64E-4F98-8017-35FE07799213}.Debug|Any CPU.Build.0 = Debug|Any CPU
		{4A65E93A-B64E-4F98-8017-35FE07799213}.Release|Any CPU.ActiveCfg = Release|Any CPU
		{4A65E93A-B64E-4F98-8017-35FE07799213}.Release|Any CPU.Build.0 = Release|Any CPU
		{90CCEA63-620D-4D97-BA3E-7E58CFA3375E}.Debug|Any CPU.ActiveCfg = Debug|Any CPU
		{90CCEA63-620D-4D97-BA3E-7E58CFA3375E}.Debug|Any CPU.Build.0 = Debug|Any CPU
		{90CCEA63-620D-4D97-BA3E-7E58CFA3375E}.Release|Any CPU.ActiveCfg = Release|Any CPU
		{90CCEA63-620D-4D97-BA3E-7E58CFA3375E}.Release|Any CPU.Build.0 = Release|Any CPU
		{78927493-508A-40F1-A1DC-9A83E41EFFFF}.Debug|Any CPU.ActiveCfg = Debug|Any CPU
		{78927493-508A-40F1-A1DC-9A83E41EFFFF}.Debug|Any CPU.Build.0 = Debug|Any CPU
		{78927493-508A-40F1-A1DC-9A83E41EFFFF}.Release|Any CPU.ActiveCfg = Release|Any CPU
		{78927493-508A-40F1-A1DC-9A83E41EFFFF}.Release|Any CPU.Build.0 = Release|Any CPU
	EndGlobalSection
	GlobalSection(SolutionProperties) = preSolution
		HideSolutionNode = FALSE
	EndGlobalSection
	GlobalSection(NestedProjects) = preSolution
		{52169958-6036-42B0-A3B0-0700DAB63F22} = {C7DE1BE4-E6DC-4F9A-8287-93BC388164C6}
		{C7DE1BE4-E6DC-4F9A-8287-93BC388164C6} = {E64D8873-3AC0-4E87-B505-0DE473F20B16}
		{A76B0C80-D3B9-4DC3-9888-864FBF1F9C0D} = {E64D8873-3AC0-4E87-B505-0DE473F20B16}
		{AC0E059A-9AA3-4882-8535-126B9B1586E7} = {A76B0C80-D3B9-4DC3-9888-864FBF1F9C0D}
		{2DCD96B4-DAFB-46FF-B9D9-C0E1FB6C90A0} = {A76B0C80-D3B9-4DC3-9888-864FBF1F9C0D}
		{02C16CDF-14EF-41BC-98EE-DD38648AC73D} = {A76B0C80-D3B9-4DC3-9888-864FBF1F9C0D}
		{2C97C358-3CBE-4896-9ECF-5DCD3602196D} = {C7DE1BE4-E6DC-4F9A-8287-93BC388164C6}
		{F0D24670-3617-4FA1-9039-294A02FAAFBC} = {8C186E47-71D2-4172-B038-1687CD6183BE}
		{8C186E47-71D2-4172-B038-1687CD6183BE} = {8C466C96-376D-4288-8F88-E774A14EBB53}
		{A6B2D667-DF89-4756-9D5B-3121C5F764C7} = {E64D8873-3AC0-4E87-B505-0DE473F20B16}
		{DB57BBA2-65E4-4662-8B8A-02772C2CA3C3} = {A6B2D667-DF89-4756-9D5B-3121C5F764C7}
		{CFAED600-51D9-45C8-9D16-247DD6635CFD} = {A6B2D667-DF89-4756-9D5B-3121C5F764C7}
		{4DFA49A8-BFD5-4757-BCD2-64C989BE9A20} = {8C466C96-376D-4288-8F88-E774A14EBB53}
		{4A65E93A-B64E-4F98-8017-35FE07799213} = {4DFA49A8-BFD5-4757-BCD2-64C989BE9A20}
		{0F2161A1-1F00-4D6A-AF34-0FD3164306E7} = {8C466C96-376D-4288-8F88-E774A14EBB53}
		{90CCEA63-620D-4D97-BA3E-7E58CFA3375E} = {0F2161A1-1F00-4D6A-AF34-0FD3164306E7}
		{78927493-508A-40F1-A1DC-9A83E41EFFFF} = {A76B0C80-D3B9-4DC3-9888-864FBF1F9C0D}
	EndGlobalSection
	GlobalSection(ExtensibilityGlobals) = postSolution
		SolutionGuid = {5EB60132-D15E-4961-B029-01FD5CFFC589}
	EndGlobalSection
EndGlobal
